
Microsoft Visual Studio Solution File, Format Version 12.00
# Visual Studio 15
VisualStudioVersion = 15.0.26124.0
MinimumVisualStudioVersion = 15.0.26124.0
Project("{F2A71F9B-5D33-465A-A702-920D77279786}") = "QuickStart", "QuickStart\QuickStart.fsproj", "{2CEFEEDA-CEEB-42CD-A92C-050AEB77FD52}"
EndProject
Project("{F2A71F9B-5D33-465A-A702-920D77279786}") = "QuickStart.Core", "QuickStart.Core\QuickStart.Core.fsproj", "{FA19F59A-7272-4FB5-B474-CCBB008644F2}"
EndProject
Project("{F2A71F9B-5D33-465A-A702-920D77279786}") = "QuickStart.Core.Tests", "QuickStart.Core.Tests\QuickStart.Core.Tests.fsproj", "{57AAA674-F50F-4EEB-A716-83D61A825069}"
EndProject
Global
	GlobalSection(SolutionConfigurationPlatforms) = preSolution
		Debug|Any CPU = Debug|Any CPU
		Debug|x64 = Debug|x64
		Debug|x86 = Debug|x86
		Release|Any CPU = Release|Any CPU
		Release|x64 = Release|x64
		Release|x86 = Release|x86
	EndGlobalSection
	GlobalSection(SolutionProperties) = preSolution
		HideSolutionNode = FALSE
	EndGlobalSection
	GlobalSection(ProjectConfigurationPlatforms) = postSolution
		{57AAA674-F50F-4EEB-A716-83D61A825069}.Debug|Any CPU.ActiveCfg = Debug|Any CPU
		{57AAA674-F50F-4EEB-A716-83D61A825069}.Debug|Any CPU.Build.0 = Debug|Any CPU
		{57AAA674-F50F-4EEB-A716-83D61A825069}.Debug|x64.ActiveCfg = Debug|Any CPU
		{57AAA674-F50F-4EEB-A716-83D61A825069}.Debug|x64.Build.0 = Debug|Any CPU
		{57AAA674-F50F-4EEB-A716-83D61A825069}.Debug|x86.ActiveCfg = Debug|Any CPU
		{57AAA674-F50F-4EEB-A716-83D61A825069}.Debug|x86.Build.0 = Debug|Any CPU
		{57AAA674-F50F-4EEB-A716-83D61A825069}.Release|Any CPU.ActiveCfg = Release|Any CPU
		{57AAA674-F50F-4EEB-A716-83D61A825069}.Release|Any CPU.Build.0 = Release|Any CPU
		{57AAA674-F50F-4EEB-A716-83D61A825069}.Release|x64.ActiveCfg = Release|Any CPU
		{57AAA674-F50F-4EEB-A716-83D61A825069}.Release|x64.Build.0 = Release|Any CPU
		{57AAA674-F50F-4EEB-A716-83D61A825069}.Release|x86.ActiveCfg = Release|Any CPU
		{57AAA674-F50F-4EEB-A716-83D61A825069}.Release|x86.Build.0 = Release|Any CPU
		{FA19F59A-7272-4FB5-B474-CCBB008644F2}.Debug|Any CPU.ActiveCfg = Debug|Any CPU
		{FA19F59A-7272-4FB5-B474-CCBB008644F2}.Debug|Any CPU.Build.0 = Debug|Any CPU
		{FA19F59A-7272-4FB5-B474-CCBB008644F2}.Debug|x64.ActiveCfg = Debug|Any CPU
		{FA19F59A-7272-4FB5-B474-CCBB008644F2}.Debug|x64.Build.0 = Debug|Any CPU
		{FA19F59A-7272-4FB5-B474-CCBB008644F2}.Debug|x86.ActiveCfg = Debug|Any CPU
		{FA19F59A-7272-4FB5-B474-CCBB008644F2}.Debug|x86.Build.0 = Debug|Any CPU
		{FA19F59A-7272-4FB5-B474-CCBB008644F2}.Release|Any CPU.ActiveCfg = Release|Any CPU
		{FA19F59A-7272-4FB5-B474-CCBB008644F2}.Release|Any CPU.Build.0 = Release|Any CPU
		{FA19F59A-7272-4FB5-B474-CCBB008644F2}.Release|x64.ActiveCfg = Release|Any CPU
		{FA19F59A-7272-4FB5-B474-CCBB008644F2}.Release|x64.Build.0 = Release|Any CPU
		{FA19F59A-7272-4FB5-B474-CCBB008644F2}.Release|x86.ActiveCfg = Release|Any CPU
		{FA19F59A-7272-4FB5-B474-CCBB008644F2}.Release|x86.Build.0 = Release|Any CPU
		{2CEFEEDA-CEEB-42CD-A92C-050AEB77FD52}.Debug|Any CPU.ActiveCfg = Debug|Any CPU
		{2CEFEEDA-CEEB-42CD-A92C-050AEB77FD52}.Debug|Any CPU.Build.0 = Debug|Any CPU
		{2CEFEEDA-CEEB-42CD-A92C-050AEB77FD52}.Debug|x64.ActiveCfg = Debug|Any CPU
		{2CEFEEDA-CEEB-42CD-A92C-050AEB77FD52}.Debug|x64.Build.0 = Debug|Any CPU
		{2CEFEEDA-CEEB-42CD-A92C-050AEB77FD52}.Debug|x86.ActiveCfg = Debug|Any CPU
		{2CEFEEDA-CEEB-42CD-A92C-050AEB77FD52}.Debug|x86.Build.0 = Debug|Any CPU
		{2CEFEEDA-CEEB-42CD-A92C-050AEB77FD52}.Release|Any CPU.ActiveCfg = Release|Any CPU
		{2CEFEEDA-CEEB-42CD-A92C-050AEB77FD52}.Release|Any CPU.Build.0 = Release|Any CPU
		{2CEFEEDA-CEEB-42CD-A92C-050AEB77FD52}.Release|x64.ActiveCfg = Release|Any CPU
		{2CEFEEDA-CEEB-42CD-A92C-050AEB77FD52}.Release|x64.Build.0 = Release|Any CPU
		{2CEFEEDA-CEEB-42CD-A92C-050AEB77FD52}.Release|x86.ActiveCfg = Release|Any CPU
		{2CEFEEDA-CEEB-42CD-A92C-050AEB77FD52}.Release|x86.Build.0 = Release|Any CPU
	EndGlobalSection
EndGlobal
